
Microsoft Visual Studio Solution File, Format Version 12.00
# Visual Studio 15
VisualStudioVersion = 15.0.28307.168
MinimumVisualStudioVersion = 10.0.40219.1
Project("{FAE04EC0-301F-11D3-BF4B-00C04F79EFBC}") = "CustomNotepad", "CustomNotepad\CustomNotepad.csproj", "{81530844-17CA-43AB-81A5-D5E4B639033F}"
EndProject
Project("{FAE04EC0-301F-11D3-BF4B-00C04F79EFBC}") = "PluginsContracts", "PluginsContracts\PluginsContracts.csproj", "{83CB5D8F-8B6D-498E-8A61-FD13E0926473}"
EndProject
Project("{FAE04EC0-301F-11D3-BF4B-00C04F79EFBC}") = "MirorText", "MirorText\MirorText.csproj", "{358141DC-741F-4CE7-B3D5-DCD3C6281C77}"
EndProject
Project("{FAE04EC0-301F-11D3-BF4B-00C04F79EFBC}") = "ChangeUI", "ChangeUI\ChangeUI.csproj", "{5B8265A8-6ACF-4A76-B2E5-594CCD12B142}"
EndProject
Project("{FAE04EC0-301F-11D3-BF4B-00C04F79EFBC}") = "MirorText2", "MirorText2\MirorText2.csproj", "{7891EEAA-F289-479C-9B8B-30720DF1AF49}"
EndProject
Project("{FAE04EC0-301F-11D3-BF4B-00C04F79EFBC}") = "WordFinder", "WordFinder\WordFinder.csproj", "{EA05BDDD-1103-4B5D-8D50-FCE9617A834F}"
EndProject
Project("{FAE04EC0-301F-11D3-BF4B-00C04F79EFBC}") = "TextFormatingEditor", "TextFormatingEditor\TextFormatingEditor.csproj", "{D5242AF9-C582-4CFF-9314-257D8BB469F5}"
EndProject
Global
	GlobalSection(SolutionConfigurationPlatforms) = preSolution
		Debug|Any CPU = Debug|Any CPU
		Release|Any CPU = Release|Any CPU
	EndGlobalSection
	GlobalSection(ProjectConfigurationPlatforms) = postSolution
		{81530844-17CA-43AB-81A5-D5E4B639033F}.Debug|Any CPU.ActiveCfg = Debug|Any CPU
		{81530844-17CA-43AB-81A5-D5E4B639033F}.Debug|Any CPU.Build.0 = Debug|Any CPU
		{81530844-17CA-43AB-81A5-D5E4B639033F}.Release|Any CPU.ActiveCfg = Release|Any CPU
		{81530844-17CA-43AB-81A5-D5E4B639033F}.Release|Any CPU.Build.0 = Release|Any CPU
		{83CB5D8F-8B6D-498E-8A61-FD13E0926473}.Debug|Any CPU.ActiveCfg = Debug|Any CPU
		{83CB5D8F-8B6D-498E-8A61-FD13E0926473}.Debug|Any CPU.Build.0 = Debug|Any CPU
		{83CB5D8F-8B6D-498E-8A61-FD13E0926473}.Release|Any CPU.ActiveCfg = Release|Any CPU
		{83CB5D8F-8B6D-498E-8A61-FD13E0926473}.Release|Any CPU.Build.0 = Release|Any CPU
		{358141DC-741F-4CE7-B3D5-DCD3C6281C77}.Debug|Any CPU.ActiveCfg = Debug|Any CPU
		{358141DC-741F-4CE7-B3D5-DCD3C6281C77}.Debug|Any CPU.Build.0 = Debug|Any CPU
		{358141DC-741F-4CE7-B3D5-DCD3C6281C77}.Release|Any CPU.ActiveCfg = Release|Any CPU
		{358141DC-741F-4CE7-B3D5-DCD3C6281C77}.Release|Any CPU.Build.0 = Release|Any CPU
		{5B8265A8-6ACF-4A76-B2E5-594CCD12B142}.Debug|Any CPU.ActiveCfg = Debug|Any CPU
		{5B8265A8-6ACF-4A76-B2E5-594CCD12B142}.Debug|Any CPU.Build.0 = Debug|Any CPU
		{5B8265A8-6ACF-4A76-B2E5-594CCD12B142}.Release|Any CPU.ActiveCfg = Release|Any CPU
		{5B8265A8-6ACF-4A76-B2E5-594CCD12B142}.Release|Any CPU.Build.0 = Release|Any CPU
		{7891EEAA-F289-479C-9B8B-30720DF1AF49}.Debug|Any CPU.ActiveCfg = Debug|Any CPU
		{7891EEAA-F289-479C-9B8B-30720DF1AF49}.Debug|Any CPU.Build.0 = Debug|Any CPU
		{7891EEAA-F289-479C-9B8B-30720DF1AF49}.Release|Any CPU.ActiveCfg = Release|Any CPU
		{7891EEAA-F289-479C-9B8B-30720DF1AF49}.Release|Any CPU.Build.0 = Release|Any CPU
		{EA05BDDD-1103-4B5D-8D50-FCE9617A834F}.Debug|Any CPU.ActiveCfg = Debug|Any CPU
		{EA05BDDD-1103-4B5D-8D50-FCE9617A834F}.Debug|Any CPU.Build.0 = Debug|Any CPU
		{EA05BDDD-1103-4B5D-8D50-FCE9617A834F}.Release|Any CPU.ActiveCfg = Release|Any CPU
		{EA05BDDD-1103-4B5D-8D50-FCE9617A834F}.Release|Any CPU.Build.0 = Release|Any CPU
		{D5242AF9-C582-4CFF-9314-257D8BB469F5}.Debug|Any CPU.ActiveCfg = Debug|Any CPU
		{D5242AF9-C582-4CFF-9314-257D8BB469F5}.Debug|Any CPU.Build.0 = Debug|Any CPU
		{D5242AF9-C582-4CFF-9314-257D8BB469F5}.Release|Any CPU.ActiveCfg = Release|Any CPU
		{D5242AF9-C582-4CFF-9314-257D8BB469F5}.Release|Any CPU.Build.0 = Release|Any CPU
	EndGlobalSection
	GlobalSection(SolutionProperties) = preSolution
		HideSolutionNode = FALSE
	EndGlobalSection
	GlobalSection(ExtensibilityGlobals) = postSolution
		SolutionGuid = {E616A424-7309-4C32-827B-82125630D8CA}
	EndGlobalSection
EndGlobal
